
Microsoft Visual Studio Solution File, Format Version 12.00
# Visual Studio 14
VisualStudioVersion = 14.0.25420.1
MinimumVisualStudioVersion = 10.0.40219.1
Project("{2150E333-8FDC-42A3-9474-1A3956D46DE8}") = "src", "src", "{E9C4C8F4-B2DA-468E-A94C-576C98DF8FFD}"
EndProject
Project("{2150E333-8FDC-42A3-9474-1A3956D46DE8}") = "Solution Items", "Solution Items", "{F48CCD75-B72E-4A67-9B14-3C79D8859162}"
	ProjectSection(SolutionItems) = preProject
		global.json = global.json
		LICENSE = LICENSE
		README.md = README.md
	EndProjectSection
EndProject
Project("{8BB2217D-0F2D-49D1-97BC-3654ED321F3B}") = "SimplePersistence.UoW.EntityFrameworkCore", "src\SimplePersistence.UoW.EntityFrameworkCore\SimplePersistence.UoW.EntityFrameworkCore.xproj", "{AAAA215F-2F8E-48E9-9A8A-7BB80501B666}"
EndProject
Project("{2150E333-8FDC-42A3-9474-1A3956D46DE8}") = "tools", "tools", "{EEEC9905-3CBC-4884-9BF4-B382C1727923}"
	ProjectSection(SolutionItems) = preProject
		tools\SimplePersistence.PublicKey = tools\SimplePersistence.PublicKey
		tools\SimplePersistence.snk = tools\SimplePersistence.snk
	EndProjectSection
EndProject
Project("{2150E333-8FDC-42A3-9474-1A3956D46DE8}") = "git", "git", "{D7BC21E2-3611-4033-ABEA-855AD6F4AFA3}"
	ProjectSection(SolutionItems) = preProject
		.gitattributes = .gitattributes
		.gitignore = .gitignore
	EndProjectSection
EndProject
Global
	GlobalSection(SolutionConfigurationPlatforms) = preSolution
		Debug|Any CPU = Debug|Any CPU
		Release|Any CPU = Release|Any CPU
	EndGlobalSection
	GlobalSection(ProjectConfigurationPlatforms) = postSolution
		{AAAA215F-2F8E-48E9-9A8A-7BB80501B666}.Debug|Any CPU.ActiveCfg = Debug|Any CPU
		{AAAA215F-2F8E-48E9-9A8A-7BB80501B666}.Debug|Any CPU.Build.0 = Debug|Any CPU
		{AAAA215F-2F8E-48E9-9A8A-7BB80501B666}.Release|Any CPU.ActiveCfg = Release|Any CPU
		{AAAA215F-2F8E-48E9-9A8A-7BB80501B666}.Release|Any CPU.Build.0 = Release|Any CPU
	EndGlobalSection
	GlobalSection(SolutionProperties) = preSolution
		HideSolutionNode = FALSE
	EndGlobalSection
	GlobalSection(NestedProjects) = preSolution
		{AAAA215F-2F8E-48E9-9A8A-7BB80501B666} = {E9C4C8F4-B2DA-468E-A94C-576C98DF8FFD}
		{EEEC9905-3CBC-4884-9BF4-B382C1727923} = {F48CCD75-B72E-4A67-9B14-3C79D8859162}
		{D7BC21E2-3611-4033-ABEA-855AD6F4AFA3} = {F48CCD75-B72E-4A67-9B14-3C79D8859162}
	EndGlobalSection
EndGlobal
